
Microsoft Visual Studio Solution File, Format Version 12.00
# Visual Studio Version 17
VisualStudioVersion = 17.2.32630.192
MinimumVisualStudioVersion = 10.0.40219.1
Project("{9A19103F-16F7-4668-BE54-9A1E7A4F7556}") = "CloudWeather.DataLoader", "CloudWeather.DataLoader\CloudWeather.DataLoader.csproj", "{2DA1BD07-5183-4B28-A1E9-0A8E33159857}"
EndProject
Project("{9A19103F-16F7-4668-BE54-9A1E7A4F7556}") = "CloudWeather.Precipitation", "CloudWeather.Precipitation\CloudWeather.Precipitation.csproj", "{BB7D8EDF-73E9-4636-B12C-5B65229246FA}"
EndProject
Project("{9A19103F-16F7-4668-BE54-9A1E7A4F7556}") = "CloudWeather.Reports", "CloudWeather.Report\CloudWeather.Reports.csproj", "{20E7ADC6-E769-4ABC-B226-127949BC6ADA}"
EndProject
Project("{9A19103F-16F7-4668-BE54-9A1E7A4F7556}") = "CloudWeather.Temperature", "CloudWeather.Temperature\CloudWeather.Temperature.csproj", "{6D749DF7-1B8E-49AD-B595-7C8231916DAF}"
EndProject
Global
	GlobalSection(SolutionConfigurationPlatforms) = preSolution
		Debug|Any CPU = Debug|Any CPU
		Release|Any CPU = Release|Any CPU
	EndGlobalSection
	GlobalSection(ProjectConfigurationPlatforms) = postSolution
		{2DA1BD07-5183-4B28-A1E9-0A8E33159857}.Debug|Any CPU.ActiveCfg = Debug|Any CPU
		{2DA1BD07-5183-4B28-A1E9-0A8E33159857}.Debug|Any CPU.Build.0 = Debug|Any CPU
		{2DA1BD07-5183-4B28-A1E9-0A8E33159857}.Release|Any CPU.ActiveCfg = Release|Any CPU
		{2DA1BD07-5183-4B28-A1E9-0A8E33159857}.Release|Any CPU.Build.0 = Release|Any CPU
		{BB7D8EDF-73E9-4636-B12C-5B65229246FA}.Debug|Any CPU.ActiveCfg = Debug|Any CPU
		{BB7D8EDF-73E9-4636-B12C-5B65229246FA}.Debug|Any CPU.Build.0 = Debug|Any CPU
		{BB7D8EDF-73E9-4636-B12C-5B65229246FA}.Release|Any CPU.ActiveCfg = Release|Any CPU
		{BB7D8EDF-73E9-4636-B12C-5B65229246FA}.Release|Any CPU.Build.0 = Release|Any CPU
		{20E7ADC6-E769-4ABC-B226-127949BC6ADA}.Debug|Any CPU.ActiveCfg = Debug|Any CPU
		{20E7ADC6-E769-4ABC-B226-127949BC6ADA}.Debug|Any CPU.Build.0 = Debug|Any CPU
		{20E7ADC6-E769-4ABC-B226-127949BC6ADA}.Release|Any CPU.ActiveCfg = Release|Any CPU
		{20E7ADC6-E769-4ABC-B226-127949BC6ADA}.Release|Any CPU.Build.0 = Release|Any CPU
		{6D749DF7-1B8E-49AD-B595-7C8231916DAF}.Debug|Any CPU.ActiveCfg = Debug|Any CPU
		{6D749DF7-1B8E-49AD-B595-7C8231916DAF}.Debug|Any CPU.Build.0 = Debug|Any CPU
		{6D749DF7-1B8E-49AD-B595-7C8231916DAF}.Release|Any CPU.ActiveCfg = Release|Any CPU
		{6D749DF7-1B8E-49AD-B595-7C8231916DAF}.Release|Any CPU.Build.0 = Release|Any CPU
	EndGlobalSection
	GlobalSection(SolutionProperties) = preSolution
		HideSolutionNode = FALSE
	EndGlobalSection
	GlobalSection(ExtensibilityGlobals) = postSolution
		SolutionGuid = {901E5DD7-CFBC-4126-AE06-CC13C2552C0E}
	EndGlobalSection
EndGlobal
